// !$*UTF8*$!
{
	archiveVersion = 1;
	classes = {
	};
	objectVersion = 46;
	objects = {

/* Begin PBXBuildFile section */
		F90C90E71A74242F00195BDA /* AppDelegate.swift in Sources */ = {isa = PBXBuildFile; fileRef = F90C90E61A74242F00195BDA /* AppDelegate.swift */; };
		F90C90E91A74242F00195BDA /* ViewController.swift in Sources */ = {isa = PBXBuildFile; fileRef = F90C90E81A74242F00195BDA /* ViewController.swift */; };
		F90C90EC1A74242F00195BDA /* Main.storyboard in Resources */ = {isa = PBXBuildFile; fileRef = F90C90EA1A74242F00195BDA /* Main.storyboard */; };
		F90C90EE1A74242F00195BDA /* Images.xcassets in Resources */ = {isa = PBXBuildFile; fileRef = F90C90ED1A74242F00195BDA /* Images.xcassets */; };
		F90C90F11A74242F00195BDA /* LaunchScreen.xib in Resources */ = {isa = PBXBuildFile; fileRef = F90C90EF1A74242F00195BDA /* LaunchScreen.xib */; };
		F90C90FD1A74242F00195BDA /* PassportTests.swift in Sources */ = {isa = PBXBuildFile; fileRef = F90C90FC1A74242F00195BDA /* PassportTests.swift */; };
/* End PBXBuildFile section */

/* Begin PBXContainerItemProxy section */
		F90C90F71A74242F00195BDA /* PBXContainerItemProxy */ = {
			isa = PBXContainerItemProxy;
			containerPortal = F90C90D91A74242F00195BDA /* Project object */;
			proxyType = 1;
			remoteGlobalIDString = F90C90E01A74242F00195BDA;
			remoteInfo = Passport;
		};
/* End PBXContainerItemProxy section */

/* Begin PBXFileReference section */
		F90C90E11A74242F00195BDA /* Passport.app */ = {isa = PBXFileReference; explicitFileType = wrapper.application; includeInIndex = 0; path = Passport.app; sourceTree = BUILT_PRODUCTS_DIR; };
		F90C90E51A74242F00195BDA /* Info.plist */ = {isa = PBXFileReference; lastKnownFileType = text.plist.xml; path = Info.plist; sourceTree = "<group>"; };
		F90C90E61A74242F00195BDA /* AppDelegate.swift */ = {isa = PBXFileReference; lastKnownFileType = sourcecode.swift; path = AppDelegate.swift; sourceTree = "<group>"; };
		F90C90E81A74242F00195BDA /* ViewController.swift */ = {isa = PBXFileReference; lastKnownFileType = sourcecode.swift; path = ViewController.swift; sourceTree = "<group>"; };
		F90C90EB1A74242F00195BDA /* Base */ = {isa = PBXFileReference; lastKnownFileType = file.storyboard; name = Base; path = Base.lproj/Main.storyboard; sourceTree = "<group>"; };
		F90C90ED1A74242F00195BDA /* Images.xcassets */ = {isa = PBXFileReference; lastKnownFileType = folder.assetcatalog; path = Images.xcassets; sourceTree = "<group>"; };
		F90C90F01A74242F00195BDA /* Base */ = {isa = PBXFileReference; lastKnownFileType = file.xib; name = Base; path = Base.lproj/LaunchScreen.xib; sourceTree = "<group>"; };
		F90C90F61A74242F00195BDA /* PassportTests.xctest */ = {isa = PBXFileReference; explicitFileType = wrapper.cfbundle; includeInIndex = 0; path = PassportTests.xctest; sourceTree = BUILT_PRODUCTS_DIR; };
		F90C90FB1A74242F00195BDA /* Info.plist */ = {isa = PBXFileReference; lastKnownFileType = text.plist.xml; path = Info.plist; sourceTree = "<group>"; };
		F90C90FC1A74242F00195BDA /* PassportTests.swift */ = {isa = PBXFileReference; lastKnownFileType = sourcecode.swift; path = PassportTests.swift; sourceTree = "<group>"; };
/* End PBXFileReference section */

/* Begin PBXFrameworksBuildPhase section */
		F90C90DE1A74242F00195BDA /* Frameworks */ = {
			isa = PBXFrameworksBuildPhase;
			buildActionMask = 2147483647;
			files = (
			);
			runOnlyForDeploymentPostprocessing = 0;
		};
		F90C90F31A74242F00195BDA /* Frameworks */ = {
			isa = PBXFrameworksBuildPhase;
			buildActionMask = 2147483647;
			files = (
			);
			runOnlyForDeploymentPostprocessing = 0;
		};
/* End PBXFrameworksBuildPhase section */

/* Begin PBXGroup section */
		F90C90D81A74242F00195BDA = {
			isa = PBXGroup;
			children = (
				F90C90E31A74242F00195BDA /* Passport */,
				F90C90F91A74242F00195BDA /* PassportTests */,
				F90C90E21A74242F00195BDA /* Products */,
			);
			sourceTree = "<group>";
		};
		F90C90E21A74242F00195BDA /* Products */ = {
			isa = PBXGroup;
			children = (
				F90C90E11A74242F00195BDA /* Passport.app */,
				F90C90F61A74242F00195BDA /* PassportTests.xctest */,
			);
			name = Products;
			sourceTree = "<group>";
		};
		F90C90E31A74242F00195BDA /* Passport */ = {
			isa = PBXGroup;
			children = (
				F90C90E61A74242F00195BDA /* AppDelegate.swift */,
				F90C90E81A74242F00195BDA /* ViewController.swift */,
				F90C90EA1A74242F00195BDA /* Main.storyboard */,
				F90C90ED1A74242F00195BDA /* Images.xcassets */,
				F90C90EF1A74242F00195BDA /* LaunchScreen.xib */,
				F90C90E41A74242F00195BDA /* Supporting Files */,
			);
			path = Passport;
			sourceTree = "<group>";
		};
		F90C90E41A74242F00195BDA /* Supporting Files */ = {
			isa = PBXGroup;
			children = (
				F90C90E51A74242F00195BDA /* Info.plist */,
			);
			name = "Supporting Files";
			sourceTree = "<group>";
		};
		F90C90F91A74242F00195BDA /* PassportTests */ = {
			isa = PBXGroup;
			children = (
				F90C90FC1A74242F00195BDA /* PassportTests.swift */,
				F90C90FA1A74242F00195BDA /* Supporting Files */,
			);
			path = PassportTests;
			sourceTree = "<group>";
		};
		F90C90FA1A74242F00195BDA /* Supporting Files */ = {
			isa = PBXGroup;
			children = (
				F90C90FB1A74242F00195BDA /* Info.plist */,
			);
			name = "Supporting Files";
			sourceTree = "<group>";
		};
/* End PBXGroup section */

/* Begin PBXNativeTarget section */
		F90C90E01A74242F00195BDA /* Passport */ = {
			isa = PBXNativeTarget;
			buildConfigurationList = F90C91001A74242F00195BDA /* Build configuration list for PBXNativeTarget "Passport" */;
			buildPhases = (
				F90C90DD1A74242F00195BDA /* Sources */,
				F90C90DE1A74242F00195BDA /* Frameworks */,
				F90C90DF1A74242F00195BDA /* Resources */,
			);
			buildRules = (
			);
			dependencies = (
			);
			name = Passport;
			productName = Passport;
			productReference = F90C90E11A74242F00195BDA /* Passport.app */;
			productType = "com.apple.product-type.application";
		};
		F90C90F51A74242F00195BDA /* PassportTests */ = {
			isa = PBXNativeTarget;
			buildConfigurationList = F90C91031A74242F00195BDA /* Build configuration list for PBXNativeTarget "PassportTests" */;
			buildPhases = (
				F90C90F21A74242F00195BDA /* Sources */,
				F90C90F31A74242F00195BDA /* Frameworks */,
				F90C90F41A74242F00195BDA /* Resources */,
			);
			buildRules = (
			);
			dependencies = (
				F90C90F81A74242F00195BDA /* PBXTargetDependency */,
			);
			name = PassportTests;
			productName = PassportTests;
			productReference = F90C90F61A74242F00195BDA /* PassportTests.xctest */;
			productType = "com.apple.product-type.bundle.unit-test";
		};
/* End PBXNativeTarget section */

/* Begin PBXProject section */
		F90C90D91A74242F00195BDA /* Project object */ = {
			isa = PBXProject;
			attributes = {
				LastUpgradeCheck = 0610;
				ORGANIZATIONNAME = "Austen Allred";
				TargetAttributes = {
					F90C90E01A74242F00195BDA = {
						CreatedOnToolsVersion = 6.1.1;
					};
					F90C90F51A74242F00195BDA = {
						CreatedOnToolsVersion = 6.1.1;
						TestTargetID = F90C90E01A74242F00195BDA;
					};
				};
			};
			buildConfigurationList = F90C90DC1A74242F00195BDA /* Build configuration list for PBXProject "Passport" */;
			compatibilityVersion = "Xcode 3.2";
			developmentRegion = English;
			hasScannedForEncodings = 0;
			knownRegions = (
				en,
				Base,
			);
			mainGroup = F90C90D81A74242F00195BDA;
			productRefGroup = F90C90E21A74242F00195BDA /* Products */;
			projectDirPath = "";
			projectRoot = "";
			targets = (
				F90C90E01A74242F00195BDA /* Passport */,
				F90C90F51A74242F00195BDA /* PassportTests */,
			);
		};
/* End PBXProject section */

/* Begin PBXResourcesBuildPhase section */
		F90C90DF1A74242F00195BDA /* Resources */ = {
			isa = PBXResourcesBuildPhase;
			buildActionMask = 2147483647;
			files = (
				F90C90EC1A74242F00195BDA /* Main.storyboard in Resources */,
				F90C90F11A74242F00195BDA /* LaunchScreen.xib in Resources */,
				F90C90EE1A74242F00195BDA /* Images.xcassets in Resources */,
			);
			runOnlyForDeploymentPostprocessing = 0;
		};
		F90C90F41A74242F00195BDA /* Resources */ = {
			isa = PBXResourcesBuildPhase;
			buildActionMask = 2147483647;
			files = (
			);
			runOnlyForDeploymentPostprocessing = 0;
		};
/* End PBXResourcesBuildPhase section */

/* Begin PBXSourcesBuildPhase section */
		F90C90DD1A74242F00195BDA /* Sources */ = {
			isa = PBXSourcesBuildPhase;
			buildActionMask = 2147483647;
			files = (
				F90C90E91A74242F00195BDA /* ViewController.swift in Sources */,
				F90C90E71A74242F00195BDA /* AppDelegate.swift in Sources */,
			);
			runOnlyForDeploymentPostprocessing = 0;
		};
		F90C90F21A74242F00195BDA /* Sources */ = {
			isa = PBXSourcesBuildPhase;
			buildActionMask = 2147483647;
			files = (
				F90C90FD1A74242F00195BDA /* PassportTests.swift in Sources */,
			);
			runOnlyForDeploymentPostprocessing = 0;
		};
/* End PBXSourcesBuildPhase section */

/* Begin PBXTargetDependency section */
		F90C90F81A74242F00195BDA /* PBXTargetDependency */ = {
			isa = PBXTargetDependency;
			target = F90C90E01A74242F00195BDA /* Passport */;
			targetProxy = F90C90F71A74242F00195BDA /* PBXContainerItemProxy */;
		};
/* End PBXTargetDependency section */

/* Begin PBXVariantGroup section */
		F90C90EA1A74242F00195BDA /* Main.storyboard */ = {
			isa = PBXVariantGroup;
			children = (
				F90C90EB1A74242F00195BDA /* Base */,
			);
			name = Main.storyboard;
			sourceTree = "<group>";
		};
		F90C90EF1A74242F00195BDA /* LaunchScreen.xib */ = {
			isa = PBXVariantGroup;
			children = (
				F90C90F01A74242F00195BDA /* Base */,
			);
			name = LaunchScreen.xib;
			sourceTree = "<group>";
		};
/* End PBXVariantGroup section */

/* Begin XCBuildConfiguration section */
		F90C90FE1A74242F00195BDA /* Debug */ = {
			isa = XCBuildConfiguration;
			buildSettings = {
				ALWAYS_SEARCH_USER_PATHS = NO;
				CLANG_CXX_LANGUAGE_STANDARD = "gnu++0x";
				CLANG_CXX_LIBRARY = "libc++";
				CLANG_ENABLE_MODULES = YES;
				CLANG_ENABLE_OBJC_ARC = YES;
				CLANG_WARN_BOOL_CONVERSION = YES;
				CLANG_WARN_CONSTANT_CONVERSION = YES;
				CLANG_WARN_DIRECT_OBJC_ISA_USAGE = YES_ERROR;
				CLANG_WARN_EMPTY_BODY = YES;
				CLANG_WARN_ENUM_CONVERSION = YES;
				CLANG_WARN_INT_CONVERSION = YES;
				CLANG_WARN_OBJC_ROOT_CLASS = YES_ERROR;
				CLANG_WARN_UNREACHABLE_CODE = YES;
				CLANG_WARN__DUPLICATE_METHOD_MATCH = YES;
				"CODE_SIGN_IDENTITY[sdk=iphoneos*]" = "iPhone Developer";
				COPY_PHASE_STRIP = NO;
				ENABLE_STRICT_OBJC_MSGSEND = YES;
				GCC_C_LANGUAGE_STANDARD = gnu99;
				GCC_DYNAMIC_NO_PIC = NO;
				GCC_OPTIMIZATION_LEVEL = 0;
				GCC_PREPROCESSOR_DEFINITIONS = (
					"DEBUG=1",
					"$(inherited)",
				);
				GCC_SYMBOLS_PRIVATE_EXTERN = NO;
				GCC_WARN_64_TO_32_BIT_CONVERSION = YES;
				GCC_WARN_ABOUT_RETURN_TYPE = YES_ERROR;
				GCC_WARN_UNDECLARED_SELECTOR = YES;
				GCC_WARN_UNINITIALIZED_AUTOS = YES_AGGRESSIVE;
				GCC_WARN_UNUSED_FUNCTION = YES;
				GCC_WARN_UNUSED_VARIABLE = YES;
				IPHONEOS_DEPLOYMENT_TARGET = 8.1;
				MTL_ENABLE_DEBUG_INFO = YES;
				ONLY_ACTIVE_ARCH = YES;
				SDKROOT = iphoneos;
				SWIFT_OPTIMIZATION_LEVEL = "-Onone";
			};
			name = Debug;
		};
		F90C90FF1A74242F00195BDA /* Release */ = {
			isa = XCBuildConfiguration;
			buildSettings = {
				ALWAYS_SEARCH_USER_PATHS = NO;
				CLANG_CXX_LANGUAGE_STANDARD = "gnu++0x";
				CLANG_CXX_LIBRARY = "libc++";
				CLANG_ENABLE_MODULES = YES;
				CLANG_ENABLE_OBJC_ARC = YES;
				CLANG_WARN_BOOL_CONVERSION = YES;
				CLANG_WARN_CONSTANT_CONVERSION = YES;
				CLANG_WARN_DIRECT_OBJC_ISA_USAGE = YES_ERROR;
				CLANG_WARN_EMPTY_BODY = YES;
				CLANG_WARN_ENUM_CONVERSION = YES;
				CLANG_WARN_INT_CONVERSION = YES;
				CLANG_WARN_OBJC_ROOT_CLASS = YES_ERROR;
				CLANG_WARN_UNREACHABLE_CODE = YES;
				CLANG_WARN__DUPLICATE_METHOD_MATCH = YES;
				"CODE_SIGN_IDENTITY[sdk=iphoneos*]" = "iPhone Developer";
				COPY_PHASE_STRIP = YES;
				ENABLE_NS_ASSERTIONS = NO;
				ENABLE_STRICT_OBJC_MSGSEND = YES;
				GCC_C_LANGUAGE_STANDARD = gnu99;
				GCC_WARN_64_TO_32_BIT_CONVERSION = YES;
				GCC_WARN_ABOUT_RETURN_TYPE = YES_ERROR;
				GCC_WARN_UNDECLARED_SELECTOR = YES;
				GCC_WARN_UNINITIALIZED_AUTOS = YES_AGGRESSIVE;
				GCC_WARN_UNUSED_FUNCTION = YES;
				GCC_WARN_UNUSED_VARIABLE = YES;
				IPHONEOS_DEPLOYMENT_TARGET = 8.1;
				MTL_ENABLE_DEBUG_INFO = NO;
				SDKROOT = iphoneos;
				VALIDATE_PRODUCT = YES;
			};
			name = Release;
		};
		F90C91011A74242F00195BDA /* Debug */ = {
			isa = XCBuildConfiguration;
			buildSettings = {
				ASSETCATALOG_COMPILER_APPICON_NAME = AppIcon;
				INFOPLIST_FILE = Passport/Info.plist;
				LD_RUNPATH_SEARCH_PATHS = "$(inherited) @executable_path/Frameworks";
				PRODUCT_NAME = "$(TARGET_NAME)";
			};
			name = Debug;
		};
		F90C91021A74242F00195BDA /* Release */ = {
			isa = XCBuildConfiguration;
			buildSettings = {
				ASSETCATALOG_COMPILER_APPICON_NAME = AppIcon;
				INFOPLIST_FILE = Passport/Info.plist;
				LD_RUNPATH_SEARCH_PATHS = "$(inherited) @executable_path/Frameworks";
				PRODUCT_NAME = "$(TARGET_NAME)";
			};
			name = Release;
		};
		F90C91041A74242F00195BDA /* Debug */ = {
			isa = XCBuildConfiguration;
			buildSettings = {
				BUNDLE_LOADER = "$(TEST_HOST)";
				FRAMEWORK_SEARCH_PATHS = (
					"$(SDKROOT)/Developer/Library/Frameworks",
					"$(inherited)",
				);
				GCC_PREPROCESSOR_DEFINITIONS = (
					"DEBUG=1",
					"$(inherited)",
				);
				INFOPLIST_FILE = PassportTests/Info.plist;
				LD_RUNPATH_SEARCH_PATHS = "$(inherited) @executable_path/Frameworks @loader_path/Frameworks";
				PRODUCT_NAME = "$(TARGET_NAME)";
				TEST_HOST = "$(BUILT_PRODUCTS_DIR)/Passport.app/Passport";
			};
			name = Debug;
		};
		F90C91051A74242F00195BDA /* Release */ = {
			isa = XCBuildConfiguration;
			buildSettings = {
				BUNDLE_LOADER = "$(TEST_HOST)";
				FRAMEWORK_SEARCH_PATHS = (
					"$(SDKROOT)/Developer/Library/Frameworks",
					"$(inherited)",
				);
				INFOPLIST_FILE = PassportTests/Info.plist;
				LD_RUNPATH_SEARCH_PATHS = "$(inherited) @executable_path/Frameworks @loader_path/Frameworks";
				PRODUCT_NAME = "$(TARGET_NAME)";
				TEST_HOST = "$(BUILT_PRODUCTS_DIR)/Passport.app/Passport";
			};
			name = Release;
		};
/* End XCBuildConfiguration section */

/* Begin XCConfigurationList section */
		F90C90DC1A74242F00195BDA /* Build configuration list for PBXProject "Passport" */ = {
			isa = XCConfigurationList;
			buildConfigurations = (
				F90C90FE1A74242F00195BDA /* Debug */,
				F90C90FF1A74242F00195BDA /* Release */,
			);
			defaultConfigurationIsVisible = 0;
			defaultConfigurationName = Release;
		};
		F90C91001A74242F00195BDA /* Build configuration list for PBXNativeTarget "Passport" */ = {
			isa = XCConfigurationList;
			buildConfigurations = (
				F90C91011A74242F00195BDA /* Debug */,
				F90C91021A74242F00195BDA /* Release */,
			);
			defaultConfigurationIsVisible = 0;
		};
		F90C91031A74242F00195BDA /* Build configuration list for PBXNativeTarget "PassportTests" */ = {
			isa = XCConfigurationList;
			buildConfigurations = (
				F90C91041A74242F00195BDA /* Debug */,
				F90C91051A74242F00195BDA /* Release */,
			);
			defaultConfigurationIsVisible = 0;
		};
/* End XCConfigurationList section */
	};
	rootObject = F90C90D91A74242F00195BDA /* Project object */;
}
